
Microsoft Visual Studio Solution File, Format Version 12.00
# Visual Studio 15
VisualStudioVersion = 15.0.28010.2050
MinimumVisualStudioVersion = 10.0.40219.1
Project("{FAE04EC0-301F-11D3-BF4B-00C04F79EFBC}") = "FIGlet", "FIGlet\FIGlet.csproj", "{DBEB2DC7-7D7D-41B5-AC52-D54932896A46}"
EndProject
Project("{FAE04EC0-301F-11D3-BF4B-00C04F79EFBC}") = "FIGletTest", "Test\FIGletTest\FIGletTest.csproj", "{E7E521DA-11F8-40BC-BDA7-FCEF72ABF7C6}"
EndProject
Global
	GlobalSection(SolutionConfigurationPlatforms) = preSolution
		Debug|Any CPU = Debug|Any CPU
		Release|Any CPU = Release|Any CPU
	EndGlobalSection
	GlobalSection(ProjectConfigurationPlatforms) = postSolution
		{DBEB2DC7-7D7D-41B5-AC52-D54932896A46}.Debug|Any CPU.ActiveCfg = Debug|Any CPU
		{DBEB2DC7-7D7D-41B5-AC52-D54932896A46}.Debug|Any CPU.Build.0 = Debug|Any CPU
		{DBEB2DC7-7D7D-41B5-AC52-D54932896A46}.Release|Any CPU.ActiveCfg = Release|Any CPU
		{DBEB2DC7-7D7D-41B5-AC52-D54932896A46}.Release|Any CPU.Build.0 = Release|Any CPU
		{E7E521DA-11F8-40BC-BDA7-FCEF72ABF7C6}.Debug|Any CPU.ActiveCfg = Debug|Any CPU
		{E7E521DA-11F8-40BC-BDA7-FCEF72ABF7C6}.Debug|Any CPU.Build.0 = Debug|Any CPU
		{E7E521DA-11F8-40BC-BDA7-FCEF72ABF7C6}.Release|Any CPU.ActiveCfg = Release|Any CPU
		{E7E521DA-11F8-40BC-BDA7-FCEF72ABF7C6}.Release|Any CPU.Build.0 = Release|Any CPU
	EndGlobalSection
	GlobalSection(SolutionProperties) = preSolution
		HideSolutionNode = FALSE
	EndGlobalSection
	GlobalSection(ExtensibilityGlobals) = postSolution
		SolutionGuid = {FAC2F1DF-FE45-43B1-A94C-5F3DC7683CCB}
	EndGlobalSection
EndGlobal
